
Microsoft Visual Studio Solution File, Format Version 12.00
# Visual Studio Version 17
VisualStudioVersion = 17.7.34031.279
MinimumVisualStudioVersion = 10.0.40219.1
Project("{8BC9CEB8-8B4A-11D0-8D11-00A0C91BC942}") = "ConsoleApplication8", "ConsoleApplication8\ConsoleApplication8.vcxproj", "{CB62DC8A-6B93-4A3B-933C-6700E08C3008}"
EndProject
Global
	GlobalSection(SolutionConfigurationPlatforms) = preSolution
		Debug|x64 = Debug|x64
		Debug|x86 = Debug|x86
		Release|x64 = Release|x64
		Release|x86 = Release|x86
	EndGlobalSection
	GlobalSection(ProjectConfigurationPlatforms) = postSolution
		{CB62DC8A-6B93-4A3B-933C-6700E08C3008}.Debug|x64.ActiveCfg = Debug|x64
		{CB62DC8A-6B93-4A3B-933C-6700E08C3008}.Debug|x64.Build.0 = Debug|x64
		{CB62DC8A-6B93-4A3B-933C-6700E08C3008}.Debug|x86.ActiveCfg = Debug|Win32
		{CB62DC8A-6B93-4A3B-933C-6700E08C3008}.Debug|x86.Build.0 = Debug|Win32
		{CB62DC8A-6B93-4A3B-933C-6700E08C3008}.Release|x64.ActiveCfg = Release|x64
		{CB62DC8A-6B93-4A3B-933C-6700E08C3008}.Release|x64.Build.0 = Release|x64
		{CB62DC8A-6B93-4A3B-933C-6700E08C3008}.Release|x86.ActiveCfg = Release|Win32
		{CB62DC8A-6B93-4A3B-933C-6700E08C3008}.Release|x86.Build.0 = Release|Win32
	EndGlobalSection
	GlobalSection(SolutionProperties) = preSolution
		HideSolutionNode = FALSE
	EndGlobalSection
	GlobalSection(ExtensibilityGlobals) = postSolution
		SolutionGuid = {370B1313-CA51-454E-A914-8CDECF98B4B6}
	EndGlobalSection
EndGlobal
